
Microsoft Visual Studio Solution File, Format Version 12.00
# Visual Studio Version 17
VisualStudioVersion = 17.10.35027.167
MinimumVisualStudioVersion = 10.0.40219.1
Project("{FAE04EC0-301F-11D3-BF4B-00C04F79EFBC}") = "KatzeOS3", "KatzeOS3\KatzeOS3.csproj", "{817C1A77-63AE-42DE-9D6F-C7E5F81EDA0B}"
EndProject
Global
	GlobalSection(SolutionConfigurationPlatforms) = preSolution
		Debug|Any CPU = Debug|Any CPU
		Release|Any CPU = Release|Any CPU
	EndGlobalSection
	GlobalSection(ProjectConfigurationPlatforms) = postSolution
		{817C1A77-63AE-42DE-9D6F-C7E5F81EDA0B}.Debug|Any CPU.ActiveCfg = Debug|Any CPU
		{817C1A77-63AE-42DE-9D6F-C7E5F81EDA0B}.Debug|Any CPU.Build.0 = Debug|Any CPU
		{817C1A77-63AE-42DE-9D6F-C7E5F81EDA0B}.Release|Any CPU.ActiveCfg = Release|Any CPU
		{817C1A77-63AE-42DE-9D6F-C7E5F81EDA0B}.Release|Any CPU.Build.0 = Release|Any CPU
	EndGlobalSection
	GlobalSection(SolutionProperties) = preSolution
		HideSolutionNode = FALSE
	EndGlobalSection
	GlobalSection(ExtensibilityGlobals) = postSolution
		SolutionGuid = {0C69BD79-C699-4B5B-9DAF-454D003924BA}
	EndGlobalSection
EndGlobal
